// !$*UTF8*$!
{
	archiveVersion = 1;
	classes = {
	};
	objectVersion = 50;
	objects = {

/* Begin PBXBuildFile section */
		F429A37E20C0D4C200E5A50D /* AppDelegate.swift in Sources */ = {isa = PBXBuildFile; fileRef = F429A37D20C0D4C200E5A50D /* AppDelegate.swift */; };
		F429A38020C0D4C200E5A50D /* ViewController.swift in Sources */ = {isa = PBXBuildFile; fileRef = F429A37F20C0D4C200E5A50D /* ViewController.swift */; };
		F429A38320C0D4C200E5A50D /* Main.storyboard in Resources */ = {isa = PBXBuildFile; fileRef = F429A38120C0D4C200E5A50D /* Main.storyboard */; };
		F429A38520C0D4C600E5A50D /* Assets.xcassets in Resources */ = {isa = PBXBuildFile; fileRef = F429A38420C0D4C600E5A50D /* Assets.xcassets */; };
		F429A38820C0D4C600E5A50D /* LaunchScreen.storyboard in Resources */ = {isa = PBXBuildFile; fileRef = F429A38620C0D4C600E5A50D /* LaunchScreen.storyboard */; };
		F429A39120C0D56400E5A50D /* SwCtDB.swift in Sources */ = {isa = PBXBuildFile; fileRef = F429A39020C0D56400E5A50D /* SwCtDB.swift */; };
		F429A39320C0D9C400E5A50D /* AModel.swift in Sources */ = {isa = PBXBuildFile; fileRef = F429A39220C0D9C400E5A50D /* AModel.swift */; };
		F48258612176CFBF009FE3F9 /* BModel.swift in Sources */ = {isa = PBXBuildFile; fileRef = F48258602176CFBF009FE3F9 /* BModel.swift */; };
/* End PBXBuildFile section */

/* Begin PBXFileReference section */
		F429A37A20C0D4C200E5A50D /* SwCtDB.app */ = {isa = PBXFileReference; explicitFileType = wrapper.application; includeInIndex = 0; path = SwCtDB.app; sourceTree = BUILT_PRODUCTS_DIR; };
		F429A37D20C0D4C200E5A50D /* AppDelegate.swift */ = {isa = PBXFileReference; lastKnownFileType = sourcecode.swift; path = AppDelegate.swift; sourceTree = "<group>"; };
		F429A37F20C0D4C200E5A50D /* ViewController.swift */ = {isa = PBXFileReference; lastKnownFileType = sourcecode.swift; path = ViewController.swift; sourceTree = "<group>"; };
		F429A38220C0D4C200E5A50D /* Base */ = {isa = PBXFileReference; lastKnownFileType = file.storyboard; name = Base; path = Base.lproj/Main.storyboard; sourceTree = "<group>"; };
		F429A38420C0D4C600E5A50D /* Assets.xcassets */ = {isa = PBXFileReference; lastKnownFileType = folder.assetcatalog; path = Assets.xcassets; sourceTree = "<group>"; };
		F429A38720C0D4C600E5A50D /* Base */ = {isa = PBXFileReference; lastKnownFileType = file.storyboard; name = Base; path = Base.lproj/LaunchScreen.storyboard; sourceTree = "<group>"; };
		F429A38920C0D4C600E5A50D /* Info.plist */ = {isa = PBXFileReference; lastKnownFileType = text.plist.xml; path = Info.plist; sourceTree = "<group>"; };
		F429A39020C0D56400E5A50D /* SwCtDB.swift */ = {isa = PBXFileReference; lastKnownFileType = sourcecode.swift; path = SwCtDB.swift; sourceTree = "<group>"; };
		F429A39220C0D9C400E5A50D /* AModel.swift */ = {isa = PBXFileReference; lastKnownFileType = sourcecode.swift; path = AModel.swift; sourceTree = "<group>"; };
		F48258602176CFBF009FE3F9 /* BModel.swift */ = {isa = PBXFileReference; lastKnownFileType = sourcecode.swift; path = BModel.swift; sourceTree = "<group>"; };
/* End PBXFileReference section */

/* Begin PBXFrameworksBuildPhase section */
		F429A37720C0D4C200E5A50D /* Frameworks */ = {
			isa = PBXFrameworksBuildPhase;
			buildActionMask = 2147483647;
			files = (
			);
			runOnlyForDeploymentPostprocessing = 0;
		};
/* End PBXFrameworksBuildPhase section */

/* Begin PBXGroup section */
		F429A37120C0D4C200E5A50D = {
			isa = PBXGroup;
			children = (
				F429A37C20C0D4C200E5A50D /* SwCtDB */,
				F429A37B20C0D4C200E5A50D /* Products */,
			);
			sourceTree = "<group>";
		};
		F429A37B20C0D4C200E5A50D /* Products */ = {
			isa = PBXGroup;
			children = (
				F429A37A20C0D4C200E5A50D /* SwCtDB.app */,
			);
			name = Products;
			sourceTree = "<group>";
		};
		F429A37C20C0D4C200E5A50D /* SwCtDB */ = {
			isa = PBXGroup;
			children = (
				F429A38F20C0D53A00E5A50D /* SwCtDB */,
				F429A37D20C0D4C200E5A50D /* AppDelegate.swift */,
				F429A39220C0D9C400E5A50D /* AModel.swift */,
				F48258602176CFBF009FE3F9 /* BModel.swift */,
				F429A37F20C0D4C200E5A50D /* ViewController.swift */,
				F429A38120C0D4C200E5A50D /* Main.storyboard */,
				F429A38420C0D4C600E5A50D /* Assets.xcassets */,
				F429A38620C0D4C600E5A50D /* LaunchScreen.storyboard */,
				F429A38920C0D4C600E5A50D /* Info.plist */,
			);
			path = SwCtDB;
			sourceTree = "<group>";
		};
		F429A38F20C0D53A00E5A50D /* SwCtDB */ = {
			isa = PBXGroup;
			children = (
				F429A39020C0D56400E5A50D /* SwCtDB.swift */,
			);
			path = SwCtDB;
			sourceTree = "<group>";
		};
/* End PBXGroup section */

/* Begin PBXNativeTarget section */
		F429A37920C0D4C200E5A50D /* SwCtDB */ = {
			isa = PBXNativeTarget;
			buildConfigurationList = F429A38C20C0D4C600E5A50D /* Build configuration list for PBXNativeTarget "SwCtDB" */;
			buildPhases = (
				F429A37620C0D4C200E5A50D /* Sources */,
				F429A37720C0D4C200E5A50D /* Frameworks */,
				F429A37820C0D4C200E5A50D /* Resources */,
			);
			buildRules = (
			);
			dependencies = (
			);
			name = SwCtDB;
			productName = SwCtDB;
			productReference = F429A37A20C0D4C200E5A50D /* SwCtDB.app */;
			productType = "com.apple.product-type.application";
		};
/* End PBXNativeTarget section */

/* Begin PBXProject section */
		F429A37220C0D4C200E5A50D /* Project object */ = {
			isa = PBXProject;
			attributes = {
				LastSwiftUpdateCheck = 0940;
				LastUpgradeCheck = 0940;
				ORGANIZATIONNAME = ct;
				TargetAttributes = {
					F429A37920C0D4C200E5A50D = {
						CreatedOnToolsVersion = 9.4;
					};
				};
			};
			buildConfigurationList = F429A37520C0D4C200E5A50D /* Build configuration list for PBXProject "SwCtDB" */;
			compatibilityVersion = "Xcode 9.3";
			developmentRegion = en;
			hasScannedForEncodings = 0;
			knownRegions = (
				en,
				Base,
			);
			mainGroup = F429A37120C0D4C200E5A50D;
			productRefGroup = F429A37B20C0D4C200E5A50D /* Products */;
			projectDirPath = "";
			projectRoot = "";
			targets = (
				F429A37920C0D4C200E5A50D /* SwCtDB */,
			);
		};
/* End PBXProject section */

/* Begin PBXResourcesBuildPhase section */
		F429A37820C0D4C200E5A50D /* Resources */ = {
			isa = PBXResourcesBuildPhase;
			buildActionMask = 2147483647;
			files = (
				F429A38820C0D4C600E5A50D /* LaunchScreen.storyboard in Resources */,
				F429A38520C0D4C600E5A50D /* Assets.xcassets in Resources */,
				F429A38320C0D4C200E5A50D /* Main.storyboard in Resources */,
			);
			runOnlyForDeploymentPostprocessing = 0;
		};
/* End PBXResourcesBuildPhase section */

/* Begin PBXSourcesBuildPhase section */
		F429A37620C0D4C200E5A50D /* Sources */ = {
			isa = PBXSourcesBuildPhase;
			buildActionMask = 2147483647;
			files = (
				F429A39120C0D56400E5A50D /* SwCtDB.swift in Sources */,
				F429A39320C0D9C400E5A50D /* AModel.swift in Sources */,
				F429A38020C0D4C200E5A50D /* ViewController.swift in Sources */,
				F48258612176CFBF009FE3F9 /* BModel.swift in Sources */,
				F429A37E20C0D4C200E5A50D /* AppDelegate.swift in Sources */,
			);
			runOnlyForDeploymentPostprocessing = 0;
		};
/* End PBXSourcesBuildPhase section */

/* Begin PBXVariantGroup section */
		F429A38120C0D4C200E5A50D /* Main.storyboard */ = {
			isa = PBXVariantGroup;
			children = (
				F429A38220C0D4C200E5A50D /* Base */,
			);
			name = Main.storyboard;
			sourceTree = "<group>";
		};
		F429A38620C0D4C600E5A50D /* LaunchScreen.storyboard */ = {
			isa = PBXVariantGroup;
			children = (
				F429A38720C0D4C600E5A50D /* Base */,
			);
			name = LaunchScreen.storyboard;
			sourceTree = "<group>";
		};
/* End PBXVariantGroup section */

/* Begin XCBuildConfiguration section */
		F429A38A20C0D4C600E5A50D /* Debug */ = {
			isa = XCBuildConfiguration;
			buildSettings = {
				ALWAYS_SEARCH_USER_PATHS = NO;
				CLANG_ANALYZER_NONNULL = YES;
				CLANG_ANALYZER_NUMBER_OBJECT_CONVERSION = YES_AGGRESSIVE;
				CLANG_CXX_LANGUAGE_STANDARD = "gnu++14";
				CLANG_CXX_LIBRARY = "libc++";
				CLANG_ENABLE_MODULES = YES;
				CLANG_ENABLE_OBJC_ARC = YES;
				CLANG_ENABLE_OBJC_WEAK = YES;
				CLANG_WARN_BLOCK_CAPTURE_AUTORELEASING = YES;
				CLANG_WARN_BOOL_CONVERSION = YES;
				CLANG_WARN_COMMA = YES;
				CLANG_WARN_CONSTANT_CONVERSION = YES;
				CLANG_WARN_DEPRECATED_OBJC_IMPLEMENTATIONS = YES;
				CLANG_WARN_DIRECT_OBJC_ISA_USAGE = YES_ERROR;
				CLANG_WARN_DOCUMENTATION_COMMENTS = YES;
				CLANG_WARN_EMPTY_BODY = YES;
				CLANG_WARN_ENUM_CONVERSION = YES;
				CLANG_WARN_INFINITE_RECURSION = YES;
				CLANG_WARN_INT_CONVERSION = YES;
				CLANG_WARN_NON_LITERAL_NULL_CONVERSION = YES;
				CLANG_WARN_OBJC_IMPLICIT_RETAIN_SELF = YES;
				CLANG_WARN_OBJC_LITERAL_CONVERSION = YES;
				CLANG_WARN_OBJC_ROOT_CLASS = YES_ERROR;
				CLANG_WARN_RANGE_LOOP_ANALYSIS = YES;
				CLANG_WARN_STRICT_PROTOTYPES = YES;
				CLANG_WARN_SUSPICIOUS_MOVE = YES;
				CLANG_WARN_UNGUARDED_AVAILABILITY = YES_AGGRESSIVE;
				CLANG_WARN_UNREACHABLE_CODE = YES;
				CLANG_WARN__DUPLICATE_METHOD_MATCH = YES;
				CODE_SIGN_IDENTITY = "iPhone Developer";
				COPY_PHASE_STRIP = NO;
				DEBUG_INFORMATION_FORMAT = dwarf;
				ENABLE_STRICT_OBJC_MSGSEND = YES;
				ENABLE_TESTABILITY = YES;
				GCC_C_LANGUAGE_STANDARD = gnu11;
				GCC_DYNAMIC_NO_PIC = NO;
				GCC_NO_COMMON_BLOCKS = YES;
				GCC_OPTIMIZATION_LEVEL = 0;
				GCC_PREPROCESSOR_DEFINITIONS = (
					"DEBUG=1",
					"$(inherited)",
				);
				GCC_WARN_64_TO_32_BIT_CONVERSION = YES;
				GCC_WARN_ABOUT_RETURN_TYPE = YES_ERROR;
				GCC_WARN_UNDECLARED_SELECTOR = YES;
				GCC_WARN_UNINITIALIZED_AUTOS = YES_AGGRESSIVE;
				GCC_WARN_UNUSED_FUNCTION = YES;
				GCC_WARN_UNUSED_VARIABLE = YES;
				IPHONEOS_DEPLOYMENT_TARGET = 11.4;
				MTL_ENABLE_DEBUG_INFO = YES;
				ONLY_ACTIVE_ARCH = YES;
				SDKROOT = iphoneos;
				SWIFT_ACTIVE_COMPILATION_CONDITIONS = DEBUG;
				SWIFT_OPTIMIZATION_LEVEL = "-Onone";
			};
			name = Debug;
		};
		F429A38B20C0D4C600E5A50D /* Release */ = {
			isa = XCBuildConfiguration;
			buildSettings = {
				ALWAYS_SEARCH_USER_PATHS = NO;
				CLANG_ANALYZER_NONNULL = YES;
				CLANG_ANALYZER_NUMBER_OBJECT_CONVERSION = YES_AGGRESSIVE;
				CLANG_CXX_LANGUAGE_STANDARD = "gnu++14";
				CLANG_CXX_LIBRARY = "libc++";
				CLANG_ENABLE_MODULES = YES;
				CLANG_ENABLE_OBJC_ARC = YES;
				CLANG_ENABLE_OBJC_WEAK = YES;
				CLANG_WARN_BLOCK_CAPTURE_AUTORELEASING = YES;
				CLANG_WARN_BOOL_CONVERSION = YES;
				CLANG_WARN_COMMA = YES;
				CLANG_WARN_CONSTANT_CONVERSION = YES;
				CLANG_WARN_DEPRECATED_OBJC_IMPLEMENTATIONS = YES;
				CLANG_WARN_DIRECT_OBJC_ISA_USAGE = YES_ERROR;
				CLANG_WARN_DOCUMENTATION_COMMENTS = YES;
				CLANG_WARN_EMPTY_BODY = YES;
				CLANG_WARN_ENUM_CONVERSION = YES;
				CLANG_WARN_INFINITE_RECURSION = YES;
				CLANG_WARN_INT_CONVERSION = YES;
				CLANG_WARN_NON_LITERAL_NULL_CONVERSION = YES;
				CLANG_WARN_OBJC_IMPLICIT_RETAIN_SELF = YES;
				CLANG_WARN_OBJC_LITERAL_CONVERSION = YES;
				CLANG_WARN_OBJC_ROOT_CLASS = YES_ERROR;
				CLANG_WARN_RANGE_LOOP_ANALYSIS = YES;
				CLANG_WARN_STRICT_PROTOTYPES = YES;
				CLANG_WARN_SUSPICIOUS_MOVE = YES;
				CLANG_WARN_UNGUARDED_AVAILABILITY = YES_AGGRESSIVE;
				CLANG_WARN_UNREACHABLE_CODE = YES;
				CLANG_WARN__DUPLICATE_METHOD_MATCH = YES;
				CODE_SIGN_IDENTITY = "iPhone Developer";
				COPY_PHASE_STRIP = NO;
				DEBUG_INFORMATION_FORMAT = "dwarf-with-dsym";
				ENABLE_NS_ASSERTIONS = NO;
				ENABLE_STRICT_OBJC_MSGSEND = YES;
				GCC_C_LANGUAGE_STANDARD = gnu11;
				GCC_NO_COMMON_BLOCKS = YES;
				GCC_WARN_64_TO_32_BIT_CONVERSION = YES;
				GCC_WARN_ABOUT_RETURN_TYPE = YES_ERROR;
				GCC_WARN_UNDECLARED_SELECTOR = YES;
				GCC_WARN_UNINITIALIZED_AUTOS = YES_AGGRESSIVE;
				GCC_WARN_UNUSED_FUNCTION = YES;
				GCC_WARN_UNUSED_VARIABLE = YES;
				IPHONEOS_DEPLOYMENT_TARGET = 11.4;
				MTL_ENABLE_DEBUG_INFO = NO;
				SDKROOT = iphoneos;
				SWIFT_COMPILATION_MODE = wholemodule;
				SWIFT_OPTIMIZATION_LEVEL = "-O";
				VALIDATE_PRODUCT = YES;
			};
			name = Release;
		};
		F429A38D20C0D4C600E5A50D /* Debug */ = {
			isa = XCBuildConfiguration;
			buildSettings = {
				ASSETCATALOG_COMPILER_APPICON_NAME = AppIcon;
				CODE_SIGN_STYLE = Automatic;
				INFOPLIST_FILE = SwCtDB/Info.plist;
				LD_RUNPATH_SEARCH_PATHS = (
					"$(inherited)",
					"@executable_path/Frameworks",
				);
				PRODUCT_BUNDLE_IDENTIFIER = com.ct.SwCtDB;
				PRODUCT_NAME = "$(TARGET_NAME)";
				SWIFT_VERSION = 5.0;
				TARGETED_DEVICE_FAMILY = "1,2";
			};
			name = Debug;
		};
		F429A38E20C0D4C600E5A50D /* Release */ = {
			isa = XCBuildConfiguration;
			buildSettings = {
				ASSETCATALOG_COMPILER_APPICON_NAME = AppIcon;
				CODE_SIGN_STYLE = Automatic;
				INFOPLIST_FILE = SwCtDB/Info.plist;
				LD_RUNPATH_SEARCH_PATHS = (
					"$(inherited)",
					"@executable_path/Frameworks",
				);
				PRODUCT_BUNDLE_IDENTIFIER = com.ct.SwCtDB;
				PRODUCT_NAME = "$(TARGET_NAME)";
				SWIFT_VERSION = 5.0;
				TARGETED_DEVICE_FAMILY = "1,2";
			};
			name = Release;
		};
/* End XCBuildConfiguration section */

/* Begin XCConfigurationList section */
		F429A37520C0D4C200E5A50D /* Build configuration list for PBXProject "SwCtDB" */ = {
			isa = XCConfigurationList;
			buildConfigurations = (
				F429A38A20C0D4C600E5A50D /* Debug */,
				F429A38B20C0D4C600E5A50D /* Release */,
			);
			defaultConfigurationIsVisible = 0;
			defaultConfigurationName = Release;
		};
		F429A38C20C0D4C600E5A50D /* Build configuration list for PBXNativeTarget "SwCtDB" */ = {
			isa = XCConfigurationList;
			buildConfigurations = (
				F429A38D20C0D4C600E5A50D /* Debug */,
				F429A38E20C0D4C600E5A50D /* Release */,
			);
			defaultConfigurationIsVisible = 0;
			defaultConfigurationName = Release;
		};
/* End XCConfigurationList section */
	};
	rootObject = F429A37220C0D4C200E5A50D /* Project object */;
}
